// !$*UTF8*$!
{
	archiveVersion = 1;
	classes = {
	};
	objectVersion = 50;
	objects = {

/* Begin PBXBuildFile section */
		5A7478AF26738358006A93CA /* HeadOrbit.rcproject in Sources */ = {isa = PBXBuildFile; fileRef = 5A7478AE26738358006A93CA /* HeadOrbit.rcproject */; };
		5AA008722672A34300CAAE32 /* AppDelegate.swift in Sources */ = {isa = PBXBuildFile; fileRef = 5AA008712672A34300CAAE32 /* AppDelegate.swift */; };
		5AA008742672A34300CAAE32 /* ContentView.swift in Sources */ = {isa = PBXBuildFile; fileRef = 5AA008732672A34300CAAE32 /* ContentView.swift */; };
		5AA008782672A34700CAAE32 /* Assets.xcassets in Resources */ = {isa = PBXBuildFile; fileRef = 5AA008772672A34700CAAE32 /* Assets.xcassets */; };
		5AA0087B2672A34700CAAE32 /* Preview Assets.xcassets in Resources */ = {isa = PBXBuildFile; fileRef = 5AA0087A2672A34700CAAE32 /* Preview Assets.xcassets */; };
/* End PBXBuildFile section */

/* Begin PBXFileReference section */
		5A7478AE26738358006A93CA /* HeadOrbit.rcproject */ = {isa = PBXFileReference; lastKnownFileType = file.rcproject; path = HeadOrbit.rcproject; sourceTree = "<group>"; };
		5AA0086E2672A34300CAAE32 /* ARkit Face Tracking Experiments.app */ = {isa = PBXFileReference; explicitFileType = wrapper.application; includeInIndex = 0; path = "ARkit Face Tracking Experiments.app"; sourceTree = BUILT_PRODUCTS_DIR; };
		5AA008712672A34300CAAE32 /* AppDelegate.swift */ = {isa = PBXFileReference; lastKnownFileType = sourcecode.swift; path = AppDelegate.swift; sourceTree = "<group>"; };
		5AA008732672A34300CAAE32 /* ContentView.swift */ = {isa = PBXFileReference; lastKnownFileType = sourcecode.swift; path = ContentView.swift; sourceTree = "<group>"; };
		5AA008772672A34700CAAE32 /* Assets.xcassets */ = {isa = PBXFileReference; lastKnownFileType = folder.assetcatalog; path = Assets.xcassets; sourceTree = "<group>"; };
		5AA0087A2672A34700CAAE32 /* Preview Assets.xcassets */ = {isa = PBXFileReference; lastKnownFileType = folder.assetcatalog; path = "Preview Assets.xcassets"; sourceTree = "<group>"; };
		5AA0087C2672A34700CAAE32 /* Info.plist */ = {isa = PBXFileReference; lastKnownFileType = text.plist.xml; path = Info.plist; sourceTree = "<group>"; };
/* End PBXFileReference section */

/* Begin PBXFrameworksBuildPhase section */
		5AA0086B2672A34300CAAE32 /* Frameworks */ = {
			isa = PBXFrameworksBuildPhase;
			buildActionMask = 2147483647;
			files = (
			);
			runOnlyForDeploymentPostprocessing = 0;
		};
/* End PBXFrameworksBuildPhase section */

/* Begin PBXGroup section */
		5AA008652672A34300CAAE32 = {
			isa = PBXGroup;
			children = (
				5AA008702672A34300CAAE32 /* ARkit Face Tracking Experiments */,
				5AA0086F2672A34300CAAE32 /* Products */,
			);
			sourceTree = "<group>";
		};
		5AA0086F2672A34300CAAE32 /* Products */ = {
			isa = PBXGroup;
			children = (
				5AA0086E2672A34300CAAE32 /* ARkit Face Tracking Experiments.app */,
			);
			name = Products;
			sourceTree = "<group>";
		};
		5AA008702672A34300CAAE32 /* ARkit Face Tracking Experiments */ = {
			isa = PBXGroup;
			children = (
				5AA008712672A34300CAAE32 /* AppDelegate.swift */,
				5AA008732672A34300CAAE32 /* ContentView.swift */,
				5A7478AE26738358006A93CA /* HeadOrbit.rcproject */,
				5AA008772672A34700CAAE32 /* Assets.xcassets */,
				5AA0087C2672A34700CAAE32 /* Info.plist */,
				5AA008792672A34700CAAE32 /* Preview Content */,
			);
			path = "ARkit Face Tracking Experiments";
			sourceTree = "<group>";
		};
		5AA008792672A34700CAAE32 /* Preview Content */ = {
			isa = PBXGroup;
			children = (
				5AA0087A2672A34700CAAE32 /* Preview Assets.xcassets */,
			);
			path = "Preview Content";
			sourceTree = "<group>";
		};
/* End PBXGroup section */

/* Begin PBXNativeTarget section */
		5AA0086D2672A34300CAAE32 /* ARkit Face Tracking Experiments */ = {
			isa = PBXNativeTarget;
			buildConfigurationList = 5AA0087F2672A34700CAAE32 /* Build configuration list for PBXNativeTarget "ARkit Face Tracking Experiments" */;
			buildPhases = (
				5AA0086A2672A34300CAAE32 /* Sources */,
				5AA0086B2672A34300CAAE32 /* Frameworks */,
				5AA0086C2672A34300CAAE32 /* Resources */,
			);
			buildRules = (
			);
			dependencies = (
			);
			name = "ARkit Face Tracking Experiments";
			productName = "Image Detection";
			productReference = 5AA0086E2672A34300CAAE32 /* ARkit Face Tracking Experiments.app */;
			productType = "com.apple.product-type.application";
		};
/* End PBXNativeTarget section */

/* Begin PBXProject section */
		5AA008662672A34300CAAE32 /* Project object */ = {
			isa = PBXProject;
			attributes = {
				LastSwiftUpdateCheck = 1250;
				LastUpgradeCheck = 1250;
				TargetAttributes = {
					5AA0086D2672A34300CAAE32 = {
						CreatedOnToolsVersion = 12.5;
					};
				};
			};
			buildConfigurationList = 5AA008692672A34300CAAE32 /* Build configuration list for PBXProject "ARkit Face Tracking Experiments" */;
			compatibilityVersion = "Xcode 9.3";
			developmentRegion = en;
			hasScannedForEncodings = 0;
			knownRegions = (
				en,
				Base,
			);
			mainGroup = 5AA008652672A34300CAAE32;
			productRefGroup = 5AA0086F2672A34300CAAE32 /* Products */;
			projectDirPath = "";
			projectRoot = "";
			targets = (
				5AA0086D2672A34300CAAE32 /* ARkit Face Tracking Experiments */,
			);
		};
/* End PBXProject section */

/* Begin PBXResourcesBuildPhase section */
		5AA0086C2672A34300CAAE32 /* Resources */ = {
			isa = PBXResourcesBuildPhase;
			buildActionMask = 2147483647;
			files = (
				5AA0087B2672A34700CAAE32 /* Preview Assets.xcassets in Resources */,
				5AA008782672A34700CAAE32 /* Assets.xcassets in Resources */,
			);
			runOnlyForDeploymentPostprocessing = 0;
		};
/* End PBXResourcesBuildPhase section */

/* Begin PBXSourcesBuildPhase section */
		5AA0086A2672A34300CAAE32 /* Sources */ = {
			isa = PBXSourcesBuildPhase;
			buildActionMask = 2147483647;
			files = (
				5AA008742672A34300CAAE32 /* ContentView.swift in Sources */,
				5AA008722672A34300CAAE32 /* AppDelegate.swift in Sources */,
				5A7478AF26738358006A93CA /* HeadOrbit.rcproject in Sources */,
			);
			runOnlyForDeploymentPostprocessing = 0;
		};
/* End PBXSourcesBuildPhase section */

/* Begin XCBuildConfiguration section */
		5AA0087D2672A34700CAAE32 /* Debug */ = {
			isa = XCBuildConfiguration;
			buildSettings = {
				ALWAYS_SEARCH_USER_PATHS = NO;
				CLANG_ANALYZER_NONNULL = YES;
				CLANG_ANALYZER_NUMBER_OBJECT_CONVERSION = YES_AGGRESSIVE;
				CLANG_CXX_LANGUAGE_STANDARD = "gnu++14";
				CLANG_CXX_LIBRARY = "libc++";
				CLANG_ENABLE_MODULES = YES;
				CLANG_ENABLE_OBJC_ARC = YES;
				CLANG_ENABLE_OBJC_WEAK = YES;
				CLANG_WARN_BLOCK_CAPTURE_AUTORELEASING = YES;
				CLANG_WARN_BOOL_CONVERSION = YES;
				CLANG_WARN_COMMA = YES;
				CLANG_WARN_CONSTANT_CONVERSION = YES;
				CLANG_WARN_DEPRECATED_OBJC_IMPLEMENTATIONS = YES;
				CLANG_WARN_DIRECT_OBJC_ISA_USAGE = YES_ERROR;
				CLANG_WARN_DOCUMENTATION_COMMENTS = YES;
				CLANG_WARN_EMPTY_BODY = YES;
				CLANG_WARN_ENUM_CONVERSION = YES;
				CLANG_WARN_INFINITE_RECURSION = YES;
				CLANG_WARN_INT_CONVERSION = YES;
				CLANG_WARN_NON_LITERAL_NULL_CONVERSION = YES;
				CLANG_WARN_OBJC_IMPLICIT_RETAIN_SELF = YES;
				CLANG_WARN_OBJC_LITERAL_CONVERSION = YES;
				CLANG_WARN_OBJC_ROOT_CLASS = YES_ERROR;
				CLANG_WARN_QUOTED_INCLUDE_IN_FRAMEWORK_HEADER = YES;
				CLANG_WARN_RANGE_LOOP_ANALYSIS = YES;
				CLANG_WARN_STRICT_PROTOTYPES = YES;
				CLANG_WARN_SUSPICIOUS_MOVE = YES;
				CLANG_WARN_UNGUARDED_AVAILABILITY = YES_AGGRESSIVE;
				CLANG_WARN_UNREACHABLE_CODE = YES;
				CLANG_WARN__DUPLICATE_METHOD_MATCH = YES;
				COPY_PHASE_STRIP = NO;
				DEBUG_INFORMATION_FORMAT = dwarf;
				ENABLE_STRICT_OBJC_MSGSEND = YES;
				ENABLE_TESTABILITY = YES;
				GCC_C_LANGUAGE_STANDARD = gnu11;
				GCC_DYNAMIC_NO_PIC = NO;
				GCC_NO_COMMON_BLOCKS = YES;
				GCC_OPTIMIZATION_LEVEL = 0;
				GCC_PREPROCESSOR_DEFINITIONS = (
					"DEBUG=1",
					"$(inherited)",
				);
				GCC_WARN_64_TO_32_BIT_CONVERSION = YES;
				GCC_WARN_ABOUT_RETURN_TYPE = YES_ERROR;
				GCC_WARN_UNDECLARED_SELECTOR = YES;
				GCC_WARN_UNINITIALIZED_AUTOS = YES_AGGRESSIVE;
				GCC_WARN_UNUSED_FUNCTION = YES;
				GCC_WARN_UNUSED_VARIABLE = YES;
				IPHONEOS_DEPLOYMENT_TARGET = 13.0;
				MTL_ENABLE_DEBUG_INFO = INCLUDE_SOURCE;
				MTL_FAST_MATH = YES;
				ONLY_ACTIVE_ARCH = YES;
				SDKROOT = iphoneos;
				SWIFT_ACTIVE_COMPILATION_CONDITIONS = DEBUG;
				SWIFT_OPTIMIZATION_LEVEL = "-Onone";
			};
			name = Debug;
		};
		5AA0087E2672A34700CAAE32 /* Release */ = {
			isa = XCBuildConfiguration;
			buildSettings = {
				ALWAYS_SEARCH_USER_PATHS = NO;
				CLANG_ANALYZER_NONNULL = YES;
				CLANG_ANALYZER_NUMBER_OBJECT_CONVERSION = YES_AGGRESSIVE;
				CLANG_CXX_LANGUAGE_STANDARD = "gnu++14";
				CLANG_CXX_LIBRARY = "libc++";
				CLANG_ENABLE_MODULES = YES;
				CLANG_ENABLE_OBJC_ARC = YES;
				CLANG_ENABLE_OBJC_WEAK = YES;
				CLANG_WARN_BLOCK_CAPTURE_AUTORELEASING = YES;
				CLANG_WARN_BOOL_CONVERSION = YES;
				CLANG_WARN_COMMA = YES;
				CLANG_WARN_CONSTANT_CONVERSION = YES;
				CLANG_WARN_DEPRECATED_OBJC_IMPLEMENTATIONS = YES;
				CLANG_WARN_DIRECT_OBJC_ISA_USAGE = YES_ERROR;
				CLANG_WARN_DOCUMENTATION_COMMENTS = YES;
				CLANG_WARN_EMPTY_BODY = YES;
				CLANG_WARN_ENUM_CONVERSION = YES;
				CLANG_WARN_INFINITE_RECURSION = YES;
				CLANG_WARN_INT_CONVERSION = YES;
				CLANG_WARN_NON_LITERAL_NULL_CONVERSION = YES;
				CLANG_WARN_OBJC_IMPLICIT_RETAIN_SELF = YES;
				CLANG_WARN_OBJC_LITERAL_CONVERSION = YES;
				CLANG_WARN_OBJC_ROOT_CLASS = YES_ERROR;
				CLANG_WARN_QUOTED_INCLUDE_IN_FRAMEWORK_HEADER = YES;
				CLANG_WARN_RANGE_LOOP_ANALYSIS = YES;
				CLANG_WARN_STRICT_PROTOTYPES = YES;
				CLANG_WARN_SUSPICIOUS_MOVE = YES;
				CLANG_WARN_UNGUARDED_AVAILABILITY = YES_AGGRESSIVE;
				CLANG_WARN_UNREACHABLE_CODE = YES;
				CLANG_WARN__DUPLICATE_METHOD_MATCH = YES;
				COPY_PHASE_STRIP = NO;
				DEBUG_INFORMATION_FORMAT = "dwarf-with-dsym";
				ENABLE_NS_ASSERTIONS = NO;
				ENABLE_STRICT_OBJC_MSGSEND = YES;
				GCC_C_LANGUAGE_STANDARD = gnu11;
				GCC_NO_COMMON_BLOCKS = YES;
				GCC_WARN_64_TO_32_BIT_CONVERSION = YES;
				GCC_WARN_ABOUT_RETURN_TYPE = YES_ERROR;
				GCC_WARN_UNDECLARED_SELECTOR = YES;
				GCC_WARN_UNINITIALIZED_AUTOS = YES_AGGRESSIVE;
				GCC_WARN_UNUSED_FUNCTION = YES;
				GCC_WARN_UNUSED_VARIABLE = YES;
				IPHONEOS_DEPLOYMENT_TARGET = 13.0;
				MTL_ENABLE_DEBUG_INFO = NO;
				MTL_FAST_MATH = YES;
				SDKROOT = iphoneos;
				SWIFT_COMPILATION_MODE = wholemodule;
				SWIFT_OPTIMIZATION_LEVEL = "-O";
				VALIDATE_PRODUCT = YES;
			};
			name = Release;
		};
		5AA008802672A34700CAAE32 /* Debug */ = {
			isa = XCBuildConfiguration;
			buildSettings = {
				ASSETCATALOG_COMPILER_APPICON_NAME = AppIcon;
				ASSETCATALOG_COMPILER_GLOBAL_ACCENT_COLOR_NAME = AccentColor;
				CODE_SIGN_STYLE = Automatic;
				DEVELOPMENT_ASSET_PATHS = "\"ARkit Face Tracking Experiments/Preview Content\"";
				DEVELOPMENT_TEAM = 34NJBRFDU4;
				ENABLE_PREVIEWS = YES;
				INFOPLIST_FILE = "ARkit Face Tracking Experiments/Info.plist";
				LD_RUNPATH_SEARCH_PATHS = (
					"$(inherited)",
					"@executable_path/Frameworks",
				);
				PRODUCT_BUNDLE_IDENTIFIER = egorpekhota.ARkitFaceTrackingExperiments;
				PRODUCT_NAME = "$(TARGET_NAME)";
				SWIFT_VERSION = 5.0;
				TARGETED_DEVICE_FAMILY = "1,2";
			};
			name = Debug;
		};
		5AA008812672A34700CAAE32 /* Release */ = {
			isa = XCBuildConfiguration;
			buildSettings = {
				ASSETCATALOG_COMPILER_APPICON_NAME = AppIcon;
				ASSETCATALOG_COMPILER_GLOBAL_ACCENT_COLOR_NAME = AccentColor;
				CODE_SIGN_STYLE = Automatic;
				DEVELOPMENT_ASSET_PATHS = "\"ARkit Face Tracking Experiments/Preview Content\"";
				DEVELOPMENT_TEAM = 34NJBRFDU4;
				ENABLE_PREVIEWS = YES;
				INFOPLIST_FILE = "ARkit Face Tracking Experiments/Info.plist";
				LD_RUNPATH_SEARCH_PATHS = (
					"$(inherited)",
					"@executable_path/Frameworks",
				);
				PRODUCT_BUNDLE_IDENTIFIER = egorpekhota.ARkitFaceTrackingExperiments;
				PRODUCT_NAME = "$(TARGET_NAME)";
				SWIFT_VERSION = 5.0;
				TARGETED_DEVICE_FAMILY = "1,2";
			};
			name = Release;
		};
/* End XCBuildConfiguration section */

/* Begin XCConfigurationList section */
		5AA008692672A34300CAAE32 /* Build configuration list for PBXProject "ARkit Face Tracking Experiments" */ = {
			isa = XCConfigurationList;
			buildConfigurations = (
				5AA0087D2672A34700CAAE32 /* Debug */,
				5AA0087E2672A34700CAAE32 /* Release */,
			);
			defaultConfigurationIsVisible = 0;
			defaultConfigurationName = Release;
		};
		5AA0087F2672A34700CAAE32 /* Build configuration list for PBXNativeTarget "ARkit Face Tracking Experiments" */ = {
			isa = XCConfigurationList;
			buildConfigurations = (
				5AA008802672A34700CAAE32 /* Debug */,
				5AA008812672A34700CAAE32 /* Release */,
			);
			defaultConfigurationIsVisible = 0;
			defaultConfigurationName = Release;
		};
/* End XCConfigurationList section */
	};
	rootObject = 5AA008662672A34300CAAE32 /* Project object */;
}
